
Microsoft Visual Studio Solution File, Format Version 12.00
# Visual Studio 15
VisualStudioVersion = 15.0.26730.16
MinimumVisualStudioVersion = 10.0.40219.1
Project("{FAE04EC0-301F-11D3-BF4B-00C04F79EFBC}") = "ExCadastroMVCAjax", "ExCadastroMVCAjax\ExCadastroMVCAjax.csproj", "{2902D542-36CC-498E-961D-18230A22DD28}"
EndProject
Project("{FAE04EC0-301F-11D3-BF4B-00C04F79EFBC}") = "GestaoPacienteService", "GestaoPacienteService\GestaoPacienteService.csproj", "{B0C323EA-0849-4B47-96A1-AA637487B903}"
EndProject
Global
	GlobalSection(SolutionConfigurationPlatforms) = preSolution
		Debug|Any CPU = Debug|Any CPU
		Release|Any CPU = Release|Any CPU
	EndGlobalSection
	GlobalSection(ProjectConfigurationPlatforms) = postSolution
		{2902D542-36CC-498E-961D-18230A22DD28}.Debug|Any CPU.ActiveCfg = Debug|Any CPU
		{2902D542-36CC-498E-961D-18230A22DD28}.Debug|Any CPU.Build.0 = Debug|Any CPU
		{2902D542-36CC-498E-961D-18230A22DD28}.Release|Any CPU.ActiveCfg = Release|Any CPU
		{2902D542-36CC-498E-961D-18230A22DD28}.Release|Any CPU.Build.0 = Release|Any CPU
		{B0C323EA-0849-4B47-96A1-AA637487B903}.Debug|Any CPU.ActiveCfg = Debug|Any CPU
		{B0C323EA-0849-4B47-96A1-AA637487B903}.Debug|Any CPU.Build.0 = Debug|Any CPU
		{B0C323EA-0849-4B47-96A1-AA637487B903}.Release|Any CPU.ActiveCfg = Release|Any CPU
		{B0C323EA-0849-4B47-96A1-AA637487B903}.Release|Any CPU.Build.0 = Release|Any CPU
	EndGlobalSection
	GlobalSection(SolutionProperties) = preSolution
		HideSolutionNode = FALSE
	EndGlobalSection
	GlobalSection(ExtensibilityGlobals) = postSolution
		SolutionGuid = {0431D3CF-5406-48D0-A62C-35FA0B9545CD}
	EndGlobalSection
EndGlobal
